
Microsoft Visual Studio Solution File, Format Version 12.00
# Visual Studio Version 17
VisualStudioVersion = 17.9.34728.123
MinimumVisualStudioVersion = 10.0.40219.1
Project("{FAE04EC0-301F-11D3-BF4B-00C04F79EFBC}") = "Bai3", "Bai3.csproj", "{AB2094AE-C312-419D-89AA-43C3D49F0AD1}"
EndProject
Global
	GlobalSection(SolutionConfigurationPlatforms) = preSolution
		Debug|Any CPU = Debug|Any CPU
		Release|Any CPU = Release|Any CPU
	EndGlobalSection
	GlobalSection(ProjectConfigurationPlatforms) = postSolution
		{AB2094AE-C312-419D-89AA-43C3D49F0AD1}.Debug|Any CPU.ActiveCfg = Debug|Any CPU
		{AB2094AE-C312-419D-89AA-43C3D49F0AD1}.Debug|Any CPU.Build.0 = Debug|Any CPU
		{AB2094AE-C312-419D-89AA-43C3D49F0AD1}.Release|Any CPU.ActiveCfg = Release|Any CPU
		{AB2094AE-C312-419D-89AA-43C3D49F0AD1}.Release|Any CPU.Build.0 = Release|Any CPU
	EndGlobalSection
	GlobalSection(SolutionProperties) = preSolution
		HideSolutionNode = FALSE
	EndGlobalSection
	GlobalSection(ExtensibilityGlobals) = postSolution
		SolutionGuid = {11E2EBCF-6834-44DC-9B98-D4FC17CBF673}
	EndGlobalSection
EndGlobal
