
Microsoft Visual Studio Solution File, Format Version 12.00
# Visual Studio Version 17
VisualStudioVersion = 17.9.34728.123
MinimumVisualStudioVersion = 10.0.40219.1
Project("{FAE04EC0-301F-11D3-BF4B-00C04F79EFBC}") = "Bai1", "Bai1.csproj", "{B46C6EFC-E19A-4834-922D-23727C4D73DB}"
EndProject
Global
	GlobalSection(SolutionConfigurationPlatforms) = preSolution
		Debug|Any CPU = Debug|Any CPU
		Release|Any CPU = Release|Any CPU
	EndGlobalSection
	GlobalSection(ProjectConfigurationPlatforms) = postSolution
		{B46C6EFC-E19A-4834-922D-23727C4D73DB}.Debug|Any CPU.ActiveCfg = Debug|Any CPU
		{B46C6EFC-E19A-4834-922D-23727C4D73DB}.Debug|Any CPU.Build.0 = Debug|Any CPU
		{B46C6EFC-E19A-4834-922D-23727C4D73DB}.Release|Any CPU.ActiveCfg = Release|Any CPU
		{B46C6EFC-E19A-4834-922D-23727C4D73DB}.Release|Any CPU.Build.0 = Release|Any CPU
	EndGlobalSection
	GlobalSection(SolutionProperties) = preSolution
		HideSolutionNode = FALSE
	EndGlobalSection
	GlobalSection(ExtensibilityGlobals) = postSolution
		SolutionGuid = {756EB23C-86E9-4363-ABDC-FF156E35EAA4}
	EndGlobalSection
EndGlobal
