
Microsoft Visual Studio Solution File, Format Version 12.00
# Visual Studio Version 17
VisualStudioVersion = 17.9.34728.123
MinimumVisualStudioVersion = 10.0.40219.1
Project("{FAE04EC0-301F-11D3-BF4B-00C04F79EFBC}") = "Stream", "Stream.csproj", "{619D739C-AD0A-41F7-ABE1-6069D4801C54}"
EndProject
Global
	GlobalSection(SolutionConfigurationPlatforms) = preSolution
		Debug|Any CPU = Debug|Any CPU
		Release|Any CPU = Release|Any CPU
	EndGlobalSection
	GlobalSection(ProjectConfigurationPlatforms) = postSolution
		{619D739C-AD0A-41F7-ABE1-6069D4801C54}.Debug|Any CPU.ActiveCfg = Debug|Any CPU
		{619D739C-AD0A-41F7-ABE1-6069D4801C54}.Debug|Any CPU.Build.0 = Debug|Any CPU
		{619D739C-AD0A-41F7-ABE1-6069D4801C54}.Release|Any CPU.ActiveCfg = Release|Any CPU
		{619D739C-AD0A-41F7-ABE1-6069D4801C54}.Release|Any CPU.Build.0 = Release|Any CPU
	EndGlobalSection
	GlobalSection(SolutionProperties) = preSolution
		HideSolutionNode = FALSE
	EndGlobalSection
	GlobalSection(ExtensibilityGlobals) = postSolution
		SolutionGuid = {45E46154-5051-4D0D-A95F-E4C007E7514B}
	EndGlobalSection
EndGlobal
