
Microsoft Visual Studio Solution File, Format Version 12.00
# Visual Studio Version 17
VisualStudioVersion = 17.9.34728.123
MinimumVisualStudioVersion = 10.0.40219.1
Project("{FAE04EC0-301F-11D3-BF4B-00C04F79EFBC}") = "Bai2-venha", "Bai2-venha.csproj", "{F47061E1-16C6-41CA-9944-6FC37E3653A3}"
EndProject
Global
	GlobalSection(SolutionConfigurationPlatforms) = preSolution
		Debug|Any CPU = Debug|Any CPU
		Release|Any CPU = Release|Any CPU
	EndGlobalSection
	GlobalSection(ProjectConfigurationPlatforms) = postSolution
		{F47061E1-16C6-41CA-9944-6FC37E3653A3}.Debug|Any CPU.ActiveCfg = Debug|Any CPU
		{F47061E1-16C6-41CA-9944-6FC37E3653A3}.Debug|Any CPU.Build.0 = Debug|Any CPU
		{F47061E1-16C6-41CA-9944-6FC37E3653A3}.Release|Any CPU.ActiveCfg = Release|Any CPU
		{F47061E1-16C6-41CA-9944-6FC37E3653A3}.Release|Any CPU.Build.0 = Release|Any CPU
	EndGlobalSection
	GlobalSection(SolutionProperties) = preSolution
		HideSolutionNode = FALSE
	EndGlobalSection
	GlobalSection(ExtensibilityGlobals) = postSolution
		SolutionGuid = {E3CC86B0-3E0E-4B2A-AD57-8835F716B772}
	EndGlobalSection
EndGlobal
