
Microsoft Visual Studio Solution File, Format Version 12.00
# Visual Studio Version 17
VisualStudioVersion = 17.9.34728.123
MinimumVisualStudioVersion = 10.0.40219.1
Project("{FAE04EC0-301F-11D3-BF4B-00C04F79EFBC}") = "Bai5", "Bai5.csproj", "{8C38BC4B-7244-4734-B249-B9FF255F2657}"
EndProject
Project("{FAE04EC0-301F-11D3-BF4B-00C04F79EFBC}") = "Bai5.1-Baitap", "..\Bai5.1-Baitap\Bai5.1-Baitap.csproj", "{B2D45FC7-1B0B-4756-862A-E3944C31147E}"
EndProject
Global
	GlobalSection(SolutionConfigurationPlatforms) = preSolution
		Debug|Any CPU = Debug|Any CPU
		Release|Any CPU = Release|Any CPU
	EndGlobalSection
	GlobalSection(ProjectConfigurationPlatforms) = postSolution
		{8C38BC4B-7244-4734-B249-B9FF255F2657}.Debug|Any CPU.ActiveCfg = Debug|Any CPU
		{8C38BC4B-7244-4734-B249-B9FF255F2657}.Debug|Any CPU.Build.0 = Debug|Any CPU
		{8C38BC4B-7244-4734-B249-B9FF255F2657}.Release|Any CPU.ActiveCfg = Release|Any CPU
		{8C38BC4B-7244-4734-B249-B9FF255F2657}.Release|Any CPU.Build.0 = Release|Any CPU
		{B2D45FC7-1B0B-4756-862A-E3944C31147E}.Debug|Any CPU.ActiveCfg = Debug|Any CPU
		{B2D45FC7-1B0B-4756-862A-E3944C31147E}.Debug|Any CPU.Build.0 = Debug|Any CPU
		{B2D45FC7-1B0B-4756-862A-E3944C31147E}.Release|Any CPU.ActiveCfg = Release|Any CPU
		{B2D45FC7-1B0B-4756-862A-E3944C31147E}.Release|Any CPU.Build.0 = Release|Any CPU
	EndGlobalSection
	GlobalSection(SolutionProperties) = preSolution
		HideSolutionNode = FALSE
	EndGlobalSection
	GlobalSection(ExtensibilityGlobals) = postSolution
		SolutionGuid = {6FBFFDBB-07CF-4978-9771-5F3F39E57E4F}
	EndGlobalSection
EndGlobal
