
Microsoft Visual Studio Solution File, Format Version 12.00
# Visual Studio Version 17
VisualStudioVersion = 17.9.34728.123
MinimumVisualStudioVersion = 10.0.40219.1
Project("{FAE04EC0-301F-11D3-BF4B-00C04F79EFBC}") = "Bai3", "Bai3.csproj", "{77E6E37E-4820-4E03-98EB-7B1F2063C929}"
EndProject
Global
	GlobalSection(SolutionConfigurationPlatforms) = preSolution
		Debug|Any CPU = Debug|Any CPU
		Release|Any CPU = Release|Any CPU
	EndGlobalSection
	GlobalSection(ProjectConfigurationPlatforms) = postSolution
		{77E6E37E-4820-4E03-98EB-7B1F2063C929}.Debug|Any CPU.ActiveCfg = Debug|Any CPU
		{77E6E37E-4820-4E03-98EB-7B1F2063C929}.Debug|Any CPU.Build.0 = Debug|Any CPU
		{77E6E37E-4820-4E03-98EB-7B1F2063C929}.Release|Any CPU.ActiveCfg = Release|Any CPU
		{77E6E37E-4820-4E03-98EB-7B1F2063C929}.Release|Any CPU.Build.0 = Release|Any CPU
	EndGlobalSection
	GlobalSection(SolutionProperties) = preSolution
		HideSolutionNode = FALSE
	EndGlobalSection
	GlobalSection(ExtensibilityGlobals) = postSolution
		SolutionGuid = {24F28CEE-F927-41F5-8C30-E4081CBA48A9}
	EndGlobalSection
EndGlobal
